PODS:
  - YMHTTP (1.0.0):
    - YMHTTP/Core (= 1.0.0)
    - YMHTTP/curl (= 1.0.0)
  - YMHTTP/Core (1.0.0):
    - YMHTTP/curl
  - YMHTTP/curl (1.0.0)

DEPENDENCIES:
  - YMHTTP (from `../`)

EXTERNAL SOURCES:
  YMHTTP:
    :path: "../"

SPEC CHECKSUMS:
  YMHTTP: c48c438c39856fc1203e9b70bc86920e8e446033

PODFILE CHECKSUM: 90c588989ac5d049df245a957093b67ad30f52dc

COCOAPODS: 1.8.4
