PODS:
  - YMHTTP (1.0.0):
    - YMHTTP/libcurl (= 1.0.0)
  - YMHTTP/libcurl (1.0.0)

DEPENDENCIES:
  - YMHTTP (from `../`)

EXTERNAL SOURCES:
  YMHTTP:
    :path: "../"

SPEC CHECKSUMS:
  YMHTTP: 993cda3841623d7aae6eadea3335424757737b6e

PODFILE CHECKSUM: ad365e3a53b2fd8a19de1d6aa309f348939e1825

COCOAPODS: 1.9.0
