PODS:
  - YMHTTP (1.0.0-beta.1):
    - YMHTTP/libcurl (= 1.0.0-beta.1)
  - YMHTTP/libcurl (1.0.0-beta.1)

DEPENDENCIES:
  - YMHTTP (from `../`)

EXTERNAL SOURCES:
  YMHTTP:
    :path: "../"

SPEC CHECKSUMS:
  YMHTTP: 037f4a65e37b97a628731837a068a33ec5cf8cf1

PODFILE CHECKSUM: 8ad634c421ecba2f8ed89cfc1b575c535293f61d

COCOAPODS: 1.9.1
